
Microsoft Visual Studio Solution File, Format Version 12.00
# Visual Studio Version 17
VisualStudioVersion = 17.5.2.0
MinimumVisualStudioVersion = 10.0.40219.1
Project("{FAE04EC0-301F-11D3-BF4B-00C04F79EFBC}") = "LAP.API", "LAP.API\LAP.API.csproj", "{2C17D7D5-2991-3DC7-9C44-D2D998B62505}"
EndProject
Project("{FAE04EC0-301F-11D3-BF4B-00C04F79EFBC}") = "LAP.Application", "LAP.Application\LAP.Application.csproj", "{2186B1BD-465A-2441-6830-E812241A3F93}"
EndProject
Project("{FAE04EC0-301F-11D3-BF4B-00C04F79EFBC}") = "LAP.Domain", "LAP.Domain\LAP.Domain.csproj", "{EFF6375F-98FA-107A-3D2D-12CED3447F3B}"
EndProject
Project("{FAE04EC0-301F-11D3-BF4B-00C04F79EFBC}") = "LAP.Infrastructure", "LAP.Infrastructure\LAP.Infrastructure.csproj", "{E55B7F77-ED36-3170-58DB-7719389D2F95}"
EndProject
Project("{FAE04EC0-301F-11D3-BF4B-00C04F79EFBC}") = "LAP.Shared", "LAP.Shared\LAP.Shared.csproj", "{503F4422-3E21-4E9B-AAE7-497651E0C510}"
EndProject
Project("{2150E333-8FDC-42A3-9474-1A3956D46DE8}") = "LAP.Test", "LAP.Test", "{9CE1BE55-7D05-1629-E58D-B82E36B21075}"
EndProject
Project("{FAE04EC0-301F-11D3-BF4B-00C04F79EFBC}") = "LAP.UnitTest", "LAP.Test\LAP.UnitTest\LAP.UnitTest.csproj", "{04F21664-C6ED-41D9-9736-BDC490CB48E8}"
EndProject
Project("{FAE04EC0-301F-11D3-BF4B-00C04F79EFBC}") = "LAP.IntegrationTest", "LAP.Test\LAP.IntegrationTest\LAP.IntegrationTest.csproj", "{99E44314-0DCC-4C9B-A8C0-0F5126D24B76}"
EndProject
Global
	GlobalSection(SolutionConfigurationPlatforms) = preSolution
		Debug|Any CPU = Debug|Any CPU
		Debug|x64 = Debug|x64
		Debug|x86 = Debug|x86
		Release|Any CPU = Release|Any CPU
		Release|x64 = Release|x64
		Release|x86 = Release|x86
	EndGlobalSection
	GlobalSection(ProjectConfigurationPlatforms) = postSolution
		{2C17D7D5-2991-3DC7-9C44-D2D998B62505}.Debug|Any CPU.ActiveCfg = Debug|Any CPU
		{2C17D7D5-2991-3DC7-9C44-D2D998B62505}.Debug|Any CPU.Build.0 = Debug|Any CPU
		{2C17D7D5-2991-3DC7-9C44-D2D998B62505}.Debug|x64.ActiveCfg = Debug|Any CPU
		{2C17D7D5-2991-3DC7-9C44-D2D998B62505}.Debug|x64.Build.0 = Debug|Any CPU
		{2C17D7D5-2991-3DC7-9C44-D2D998B62505}.Debug|x86.ActiveCfg = Debug|Any CPU
		{2C17D7D5-2991-3DC7-9C44-D2D998B62505}.Debug|x86.Build.0 = Debug|Any CPU
		{2C17D7D5-2991-3DC7-9C44-D2D998B62505}.Release|Any CPU.ActiveCfg = Release|Any CPU
		{2C17D7D5-2991-3DC7-9C44-D2D998B62505}.Release|Any CPU.Build.0 = Release|Any CPU
		{2C17D7D5-2991-3DC7-9C44-D2D998B62505}.Release|x64.ActiveCfg = Release|Any CPU
		{2C17D7D5-2991-3DC7-9C44-D2D998B62505}.Release|x64.Build.0 = Release|Any CPU
		{2C17D7D5-2991-3DC7-9C44-D2D998B62505}.Release|x86.ActiveCfg = Release|Any CPU
		{2C17D7D5-2991-3DC7-9C44-D2D998B62505}.Release|x86.Build.0 = Release|Any CPU
		{2186B1BD-465A-2441-6830-E812241A3F93}.Debug|Any CPU.ActiveCfg = Debug|Any CPU
		{2186B1BD-465A-2441-6830-E812241A3F93}.Debug|Any CPU.Build.0 = Debug|Any CPU
		{2186B1BD-465A-2441-6830-E812241A3F93}.Debug|x64.ActiveCfg = Debug|Any CPU
		{2186B1BD-465A-2441-6830-E812241A3F93}.Debug|x64.Build.0 = Debug|Any CPU
		{2186B1BD-465A-2441-6830-E812241A3F93}.Debug|x86.ActiveCfg = Debug|Any CPU
		{2186B1BD-465A-2441-6830-E812241A3F93}.Debug|x86.Build.0 = Debug|Any CPU
		{2186B1BD-465A-2441-6830-E812241A3F93}.Release|Any CPU.ActiveCfg = Release|Any CPU
		{2186B1BD-465A-2441-6830-E812241A3F93}.Release|Any CPU.Build.0 = Release|Any CPU
		{2186B1BD-465A-2441-6830-E812241A3F93}.Release|x64.ActiveCfg = Release|Any CPU
		{2186B1BD-465A-2441-6830-E812241A3F93}.Release|x64.Build.0 = Release|Any CPU
		{2186B1BD-465A-2441-6830-E812241A3F93}.Release|x86.ActiveCfg = Release|Any CPU
		{2186B1BD-465A-2441-6830-E812241A3F93}.Release|x86.Build.0 = Release|Any CPU
		{EFF6375F-98FA-107A-3D2D-12CED3447F3B}.Debug|Any CPU.ActiveCfg = Debug|Any CPU
		{EFF6375F-98FA-107A-3D2D-12CED3447F3B}.Debug|Any CPU.Build.0 = Debug|Any CPU
		{EFF6375F-98FA-107A-3D2D-12CED3447F3B}.Debug|x64.ActiveCfg = Debug|Any CPU
		{EFF6375F-98FA-107A-3D2D-12CED3447F3B}.Debug|x64.Build.0 = Debug|Any CPU
		{EFF6375F-98FA-107A-3D2D-12CED3447F3B}.Debug|x86.ActiveCfg = Debug|Any CPU
		{EFF6375F-98FA-107A-3D2D-12CED3447F3B}.Debug|x86.Build.0 = Debug|Any CPU
		{EFF6375F-98FA-107A-3D2D-12CED3447F3B}.Release|Any CPU.ActiveCfg = Release|Any CPU
		{EFF6375F-98FA-107A-3D2D-12CED3447F3B}.Release|Any CPU.Build.0 = Release|Any CPU
		{EFF6375F-98FA-107A-3D2D-12CED3447F3B}.Release|x64.ActiveCfg = Release|Any CPU
		{EFF6375F-98FA-107A-3D2D-12CED3447F3B}.Release|x64.Build.0 = Release|Any CPU
		{EFF6375F-98FA-107A-3D2D-12CED3447F3B}.Release|x86.ActiveCfg = Release|Any CPU
		{EFF6375F-98FA-107A-3D2D-12CED3447F3B}.Release|x86.Build.0 = Release|Any CPU
		{E55B7F77-ED36-3170-58DB-7719389D2F95}.Debug|Any CPU.ActiveCfg = Debug|Any CPU
		{E55B7F77-ED36-3170-58DB-7719389D2F95}.Debug|Any CPU.Build.0 = Debug|Any CPU
		{E55B7F77-ED36-3170-58DB-7719389D2F95}.Debug|x64.ActiveCfg = Debug|Any CPU
		{E55B7F77-ED36-3170-58DB-7719389D2F95}.Debug|x64.Build.0 = Debug|Any CPU
		{E55B7F77-ED36-3170-58DB-7719389D2F95}.Debug|x86.ActiveCfg = Debug|Any CPU
		{E55B7F77-ED36-3170-58DB-7719389D2F95}.Debug|x86.Build.0 = Debug|Any CPU
		{E55B7F77-ED36-3170-58DB-7719389D2F95}.Release|Any CPU.ActiveCfg = Release|Any CPU
		{E55B7F77-ED36-3170-58DB-7719389D2F95}.Release|Any CPU.Build.0 = Release|Any CPU
		{E55B7F77-ED36-3170-58DB-7719389D2F95}.Release|x64.ActiveCfg = Release|Any CPU
		{E55B7F77-ED36-3170-58DB-7719389D2F95}.Release|x64.Build.0 = Release|Any CPU
		{E55B7F77-ED36-3170-58DB-7719389D2F95}.Release|x86.ActiveCfg = Release|Any CPU
		{E55B7F77-ED36-3170-58DB-7719389D2F95}.Release|x86.Build.0 = Release|Any CPU
		{503F4422-3E21-4E9B-AAE7-497651E0C510}.Debug|Any CPU.ActiveCfg = Debug|Any CPU
		{503F4422-3E21-4E9B-AAE7-497651E0C510}.Debug|Any CPU.Build.0 = Debug|Any CPU
		{503F4422-3E21-4E9B-AAE7-497651E0C510}.Debug|x64.ActiveCfg = Debug|Any CPU
		{503F4422-3E21-4E9B-AAE7-497651E0C510}.Debug|x64.Build.0 = Debug|Any CPU
		{503F4422-3E21-4E9B-AAE7-497651E0C510}.Debug|x86.ActiveCfg = Debug|Any CPU
		{503F4422-3E21-4E9B-AAE7-497651E0C510}.Debug|x86.Build.0 = Debug|Any CPU
		{503F4422-3E21-4E9B-AAE7-497651E0C510}.Release|Any CPU.ActiveCfg = Release|Any CPU
		{503F4422-3E21-4E9B-AAE7-497651E0C510}.Release|Any CPU.Build.0 = Release|Any CPU
		{503F4422-3E21-4E9B-AAE7-497651E0C510}.Release|x64.ActiveCfg = Release|Any CPU
		{503F4422-3E21-4E9B-AAE7-497651E0C510}.Release|x64.Build.0 = Release|Any CPU
		{503F4422-3E21-4E9B-AAE7-497651E0C510}.Release|x86.ActiveCfg = Release|Any CPU
		{503F4422-3E21-4E9B-AAE7-497651E0C510}.Release|x86.Build.0 = Release|Any CPU
		{04F21664-C6ED-41D9-9736-BDC490CB48E8}.Debug|Any CPU.ActiveCfg = Debug|Any CPU
		{04F21664-C6ED-41D9-9736-BDC490CB48E8}.Debug|Any CPU.Build.0 = Debug|Any CPU
		{04F21664-C6ED-41D9-9736-BDC490CB48E8}.Debug|x64.ActiveCfg = Debug|Any CPU
		{04F21664-C6ED-41D9-9736-BDC490CB48E8}.Debug|x64.Build.0 = Debug|Any CPU
		{04F21664-C6ED-41D9-9736-BDC490CB48E8}.Debug|x86.ActiveCfg = Debug|Any CPU
		{04F21664-C6ED-41D9-9736-BDC490CB48E8}.Debug|x86.Build.0 = Debug|Any CPU
		{04F21664-C6ED-41D9-9736-BDC490CB48E8}.Release|Any CPU.ActiveCfg = Release|Any CPU
		{04F21664-C6ED-41D9-9736-BDC490CB48E8}.Release|Any CPU.Build.0 = Release|Any CPU
		{04F21664-C6ED-41D9-9736-BDC490CB48E8}.Release|x64.ActiveCfg = Release|Any CPU
		{04F21664-C6ED-41D9-9736-BDC490CB48E8}.Release|x64.Build.0 = Release|Any CPU
		{04F21664-C6ED-41D9-9736-BDC490CB48E8}.Release|x86.ActiveCfg = Release|Any CPU
		{04F21664-C6ED-41D9-9736-BDC490CB48E8}.Release|x86.Build.0 = Release|Any CPU
		{99E44314-0DCC-4C9B-A8C0-0F5126D24B76}.Debug|Any CPU.ActiveCfg = Debug|Any CPU
		{99E44314-0DCC-4C9B-A8C0-0F5126D24B76}.Debug|Any CPU.Build.0 = Debug|Any CPU
		{99E44314-0DCC-4C9B-A8C0-0F5126D24B76}.Debug|x64.ActiveCfg = Debug|Any CPU
		{99E44314-0DCC-4C9B-A8C0-0F5126D24B76}.Debug|x64.Build.0 = Debug|Any CPU
		{99E44314-0DCC-4C9B-A8C0-0F5126D24B76}.Debug|x86.ActiveCfg = Debug|Any CPU
		{99E44314-0DCC-4C9B-A8C0-0F5126D24B76}.Debug|x86.Build.0 = Debug|Any CPU
		{99E44314-0DCC-4C9B-A8C0-0F5126D24B76}.Release|Any CPU.ActiveCfg = Release|Any CPU
		{99E44314-0DCC-4C9B-A8C0-0F5126D24B76}.Release|Any CPU.Build.0 = Release|Any CPU
		{99E44314-0DCC-4C9B-A8C0-0F5126D24B76}.Release|x64.ActiveCfg = Release|Any CPU
		{99E44314-0DCC-4C9B-A8C0-0F5126D24B76}.Release|x64.Build.0 = Release|Any CPU
		{99E44314-0DCC-4C9B-A8C0-0F5126D24B76}.Release|x86.ActiveCfg = Release|Any CPU
		{99E44314-0DCC-4C9B-A8C0-0F5126D24B76}.Release|x86.Build.0 = Release|Any CPU
	EndGlobalSection
	GlobalSection(SolutionProperties) = preSolution
		HideSolutionNode = FALSE
	EndGlobalSection
	GlobalSection(NestedProjects) = preSolution
		{04F21664-C6ED-41D9-9736-BDC490CB48E8} = {9CE1BE55-7D05-1629-E58D-B82E36B21075}
		{99E44314-0DCC-4C9B-A8C0-0F5126D24B76} = {9CE1BE55-7D05-1629-E58D-B82E36B21075}
	EndGlobalSection
	GlobalSection(ExtensibilityGlobals) = postSolution
		SolutionGuid = {4AE3BBD2-13A7-4EBF-968D-5F85BB6844DF}
	EndGlobalSection
EndGlobal
